{
  "lockfileVersion": 1,
  "configVersion": 1,
  "workspaces": {
    "": {
      "dependencies": {
        "@b9g/termdom": "^0.1.5",
        "@clack/prompts": "^1.7.0",
        "@openrouter/agent": "^0.11.0",
        "@types/bun": "^1.4.0",
        "@types/node": "^26.2.0",
        "lowlight": "^3.3.0",
        "picocolors": "^1.1.1",
        "zod": "^4.4.3",
      },
      "devDependencies": {
        "@biomejs/biome": "^2.5.10",
      },
    },
  },
  "patchedDependencies": {
    "css-tree@3.2.1": "patches/css-tree@3.2.1.patch",
  },
  "packages": {
    "@b9g/termdom": ["@b9g/termdom@0.1.5", "", { "dependencies": { "arabic-persian-reshaper": "1.0.1", "bidi-js": "1.0.3", "css-tree": "^3.2.1", "linebreak": "1.1.0", "nwsapi": "^2.2.21", "parse5": "^7.3.0" } }, "sha512-ZReu9bZyH8MJWJd1VF+iFBliW3cfzv26/yVWXL7Qe0BJr5A0g6XBhGIHVcktcrgjAxaL1mvtbrhawPb5vqVNBg=="],

    "@biomejs/biome": ["@biomejs/biome@2.5.10", "", { "optionalDependencies": { "@biomejs/cli-darwin-arm64": "2.5.10", "@biomejs/cli-darwin-x64": "2.5.10", "@biomejs/cli-linux-arm64": "2.5.10", "@biomejs/cli-linux-arm64-musl": "2.5.10", "@biomejs/cli-linux-x64": "2.5.10", "@biomejs/cli-linux-x64-musl": "2.5.10", "@biomejs/cli-win32-arm64": "2.5.10", "@biomejs/cli-win32-x64": "2.5.10" }, "bin": { "biome": "bin/biome" } }, "sha512-WRKXARA3kTuiV5sxqTpobJ/I0MVd4vk3pOL6wnp5az4LntFIhWTj1RWZq3DI9PCEN3lXcqy7p5aqUHzvq8AXyQ=="],

    "@biomejs/cli-darwin-arm64": ["@biomejs/cli-darwin-arm64@2.5.10", "", { "os": "darwin", "cpu": "arm64" }, "sha512-ItCrxKK6SXVT6flYs0qIuBd4AA3TTTl4d66Re6YI2FuGZnN85NmuYNzkiTJUyYw8qBLv69L5zTUB6uyWd++h3Q=="],

    "@biomejs/cli-darwin-x64": ["@biomejs/cli-darwin-x64@2.5.10", "", { "os": "darwin", "cpu": "x64" }, "sha512-yLsPU9pAmtChXDu8vhKAzErqe+LeeYuwuUB2FZMkRitsmdodxsYRa9KHrFispsUHzzOu+9HB3nP/TQxyia+Sjw=="],

    "@biomejs/cli-linux-arm64": ["@biomejs/cli-linux-arm64@2.5.10", "", { "os": "linux", "cpu": "arm64" }, "sha512-VG8uQW/86a1roLaIFvtIbEigxIdzdJ190oGyg1tV7VYeQtOS+x10sflk7WbuXgw91EtZX5DlIIIej1YqkNLlcg=="],

    "@biomejs/cli-linux-arm64-musl": ["@biomejs/cli-linux-arm64-musl@2.5.10", "", { "os": "linux", "cpu": "arm64" }, "sha512-t1QAKZwQJRB4dvgJSgFiQ4BNfNPChg69BNonz854qLVxnjT3UvDzQg9mbkTJRu35ZqU0Rw10A73J8Urgbg2RPw=="],

    "@biomejs/cli-linux-x64": ["@biomejs/cli-linux-x64@2.5.10", "", { "os": "linux", "cpu": "x64" }, "sha512-4O6T0eq2heoHZN0a9UX+rWQoxXEBaKf+lRi2hbsGlHneUz9BWXM76nEWMK7Eeq8gzMxR1khQB6BFpAASpeXqGg=="],

    "@biomejs/cli-linux-x64-musl": ["@biomejs/cli-linux-x64-musl@2.5.10", "", { "os": "linux", "cpu": "x64" }, "sha512-pgDDqp9JybHm2I0KRgzN6i4+lt8xu4iqxUwLzglUMmOmyRTU1AYBGKzh9sNMOtIjah7xoWvKHlLVetvyifzoiQ=="],

    "@biomejs/cli-win32-arm64": ["@biomejs/cli-win32-arm64@2.5.10", "", { "os": "win32", "cpu": "arm64" }, "sha512-pxAbxduPO4xq/Cvgaa2lOrs9BB0hEXmmDqfMNP4ZOffGOkUrD1/QGw9UAMpFQpX2P8MqTIIRuQKcmetum4Oa6A=="],

    "@biomejs/cli-win32-x64": ["@biomejs/cli-win32-x64@2.5.10", "", { "os": "win32", "cpu": "x64" }, "sha512-M+2dgBsl3lXRiTfgPVc2p3anS4Tocojke4rzFLScZ2Y/wmF+36dRb1iHCLiyGqOzQGyTplZH1HnEYviiAqi3nA=="],

    "@clack/core": ["@clack/core@1.4.3", "", { "dependencies": { "fast-wrap-ansi": "^0.2.0", "sisteransi": "^1.0.5" } }, "sha512-/kr3UWNtdJfxZtPgDqUOmG2pvwlmcLGheex5yiZKdwbzZJxhV+HMNR9QNmyY5cGwTNV6LrR7Jtp+KjhUAP1qBQ=="],

    "@clack/prompts": ["@clack/prompts@1.7.0", "", { "dependencies": { "@clack/core": "1.4.3", "fast-string-width": "^3.0.2", "fast-wrap-ansi": "^0.2.0", "sisteransi": "^1.0.5" } }, "sha512-y7/yvZ2TPAnR9+jnc00klvNNLkJiXFFrQA/hlLCcxA9a2A4zQIOimyFQ9XfwYKiGD1fb5GY8vbKIIgO8d5Tb2A=="],

    "@openrouter/agent": ["@openrouter/agent@0.11.0", "", { "dependencies": { "@openrouter/sdk": "^0.13.7", "zod": "^4.0.0" }, "peerDependencies": { "@modelcontextprotocol/client": "^2.0.0" }, "optionalPeers": ["@modelcontextprotocol/client"] }, "sha512-8idTYNZ4MjQyNJ2HKMTSmocVgQYajB43xG3rqa7ronK8Xfqx6XnIKvfhtqmAeJTPkhYppVuuQ+DKkMXlVEA+SA=="],

    "@openrouter/sdk": ["@openrouter/sdk@0.13.67", "", { "dependencies": { "zod": "^3.25.0 || ^4.0.0" } }, "sha512-kUVaFYA9Xehq67ndTk98i+tRLfYH/F6xSf/WuC8dsukBzcgBvYQydoeKw4Xe+peXG/wOVtDxukWt5SqzhbloKw=="],

    "@types/bun": ["@types/bun@1.4.0", "", { "dependencies": { "bun-types": "1.4.0" } }, "sha512-K+lZULY23vRgK/CfTjFIV+tyifaNdSMlPh9j+6mQ/cLfpOznLyAuzgV/JQysyECpkBQLVMSyvjlr2fBUSA9wFQ=="],

    "@types/hast": ["@types/hast@3.0.5", "", { "dependencies": { "@types/unist": "*" } }, "sha512-rp/ezSWaD1m44dPKICGhiskI13nVr7qTloFwDa/IYkhhf5nzwP+zIQcIJh3WIFSBOy/H1PzB40jPjMDksN4F+g=="],

    "@types/node": ["@types/node@26.2.0", "", { "dependencies": { "undici-types": "~8.3.0" } }, "sha512-5IviulTZeRNp2vAJ514cc/HUlY5nZ9fCbq9DMyC52BrhFZACo3nI0R7qBxhQmo/d27NFe96ur/b7Wwxklda+kg=="],

    "@types/unist": ["@types/unist@3.0.3", "", {}, "sha512-ko/gIFJRv177XgZsZcBwnqJN5x/Gien8qNOn0D5bQU/zAzVf9Zt3BlcUiLqhV9y4ARk0GbT3tnUiPNgnTXzc/Q=="],

    "arabic-persian-reshaper": ["arabic-persian-reshaper@1.0.1", "", {}, "sha512-VYBjkhz6o4W1Xt4mD2LAReljJpLSw5CUZMqSBDIQRvFgUSlTKEYghapgBWvkeMWF4W+KF3Fm+/z8EywJU4PBeg=="],

    "base64-js": ["base64-js@0.0.8", "", {}, "sha512-3XSA2cR/h/73EzlXXdU6YNycmYI7+kicTxks4eJg2g39biHR84slg2+des+p7iHYhbRg/udIS4TD53WabcOUkw=="],

    "bidi-js": ["bidi-js@1.0.3", "", { "dependencies": { "require-from-string": "^2.0.2" } }, "sha512-RKshQI1R3YQ+n9YJz2QQ147P66ELpa1FQEg20Dk8oW9t2KgLbpDLLp9aGZ7y8WHSshDknG0bknqGw5/tyCs5tw=="],

    "bun-types": ["bun-types@1.4.0", "", { "dependencies": { "@types/node": "*" } }, "sha512-iIKw23BspnQQYd3prITOBxeUsxBHnwzX6YJfGMuNOZzeNcMmVqzIIVGRm1l69ogaPQmb4wB6BN8mA5bE9YuC5Q=="],

    "css-tree": ["css-tree@3.2.1", "", { "dependencies": { "mdn-data": "2.27.1", "source-map-js": "^1.2.1" } }, "sha512-X7sjQzceUhu1u7Y/ylrRZFU2FS6LRiFVp6rKLPg23y3x3c3DOKAwuXGDp+PAGjh6CSnCjYeAul8pcT8bAl+lSA=="],

    "dequal": ["dequal@2.0.3", "", {}, "sha512-0je+qPKHEMohvfRTCEo3CrPG6cAzAYgmzKyxRiYSSDkS6eGJdyVJm7WaYA5ECaAD9wLB2T4EEeymA5aFVcYXCA=="],

    "devlop": ["devlop@1.1.0", "", { "dependencies": { "dequal": "^2.0.0" } }, "sha512-RWmIqhcFf1lRYBvNmr7qTNuyCt/7/ns2jbpp1+PalgE/rDQcBT0fioSMUpJ93irlUhC5hrg4cYqe6U+0ImW0rA=="],

    "entities": ["entities@6.0.1", "", {}, "sha512-aN97NXWF6AWBTahfVOIrB/NShkzi5H7F9r1s9mD3cDj4Ko5f2qhhVoYMibXF7GlLveb/D2ioWay8lxI97Ven3g=="],

    "fast-string-truncated-width": ["fast-string-truncated-width@3.0.3", "", {}, "sha512-0jjjIEL6+0jag3l2XWWizO64/aZVtpiGE3t0Zgqxv0DPuxiMjvB3M24fCyhZUO4KomJQPj3LTSUnDP3GpdwC0g=="],

    "fast-string-width": ["fast-string-width@3.0.2", "", { "dependencies": { "fast-string-truncated-width": "^3.0.2" } }, "sha512-gX8LrtNEI5hq8DVUfRQMbr5lpaS4nMIWV+7XEbXk2b8kiQIizgnlr12B4dA3ZEx3308ze0O4Q1R+cHts8kyUJg=="],

    "fast-wrap-ansi": ["fast-wrap-ansi@0.2.2", "", { "dependencies": { "fast-string-width": "^3.0.2" } }, "sha512-7F2Fl+TjRSenLqlU3UjSH0iyqopqoZIu7eZVpEirP2g1GtWa2G/ecEmBdgz31+Mxr+ELclgg6sokpSFIQiZ02Q=="],

    "highlight.js": ["highlight.js@11.11.2", "", {}, "sha512-oaXMACAU0kzOMXBjWpNcX+vlwSBCIAiZ9BHa7gA15NOTtT2L/l8OSZDuqS2XppOhZBPJ7hm4o8ep2kyuip2uEQ=="],

    "linebreak": ["linebreak@1.1.0", "", { "dependencies": { "base64-js": "0.0.8", "unicode-trie": "^2.0.0" } }, "sha512-MHp03UImeVhB7XZtjd0E4n6+3xr5Dq/9xI/5FptGk5FrbDR3zagPa2DS6U8ks/3HjbKWG9Q1M2ufOzxV2qLYSQ=="],

    "lowlight": ["lowlight@3.3.0", "", { "dependencies": { "@types/hast": "^3.0.0", "devlop": "^1.0.0", "highlight.js": "~11.11.0" } }, "sha512-0JNhgFoPvP6U6lE/UdVsSq99tn6DhjjpAj5MxG49ewd2mOBVtwWYIT8ClyABhq198aXXODMU6Ox8DrGy/CpTZQ=="],

    "mdn-data": ["mdn-data@2.27.1", "", {}, "sha512-9Yubnt3e8A0OKwxYSXyhLymGW4sCufcLG6VdiDdUGVkPhpqLxlvP5vl1983gQjJl3tqbrM731mjaZaP68AgosQ=="],

    "nwsapi": ["nwsapi@2.2.24", "", {}, "sha512-7YRhZ3jS45LwmSCT4b2sVFHt/WuovaktDU07QrtOBY2PXskss5a9jfmR9jptyumwXST+rFjrmppMY1KT/yn35A=="],

    "pako": ["pako@0.2.9", "", {}, "sha512-NUcwaKxUxWrZLpDG+z/xZaCgQITkA/Dv4V/T6bw7VON6l1Xz/VnrBqrYjZQ12TamKHzITTfOEIYUj48y2KXImA=="],

    "parse5": ["parse5@7.3.0", "", { "dependencies": { "entities": "^6.0.0" } }, "sha512-IInvU7fabl34qmi9gY8XOVxhYyMyuH2xUNpb2q8/Y+7552KlejkRvqvD19nMoUW/uQGGbqNpA6Tufu5FL5BZgw=="],

    "picocolors": ["picocolors@1.1.1", "", {}, "sha512-xceH2snhtb5M9liqDsmEw56le376mTZkEX/jEb/RxNFyegNul7eNslCXP9FDj/Lcu0X8KEyMceP2ntpaHrDEVA=="],

    "require-from-string": ["require-from-string@2.0.2", "", {}, "sha512-Xf0nWe6RseziFMu+Ap9biiUbmplq6S9/p+7w7YXP/JBHhrUDDUhwa+vANyubuqfZWTveU//DYVGsDG7RKL/vEw=="],

    "sisteransi": ["sisteransi@1.0.5", "", {}, "sha512-bLGGlR1QxBcynn2d5YmDX4MGjlZvy2MRBDRNHLJ8VI6l6+9FUiyTFNJ0IveOSP0bcXgVDPRcfGqA0pjaqUpfVg=="],

    "source-map-js": ["source-map-js@1.2.1", "", {}, "sha512-UXWMKhLOwVKb728IUtQPXxfYU+usdybtUrK/8uGE8CQMvrhOpwvzDBwj0QhSL7MQc7vIsISBG8VQ8+IDQxpfQA=="],

    "tiny-inflate": ["tiny-inflate@1.0.3", "", {}, "sha512-pkY1fj1cKHb2seWDy0B16HeWyczlJA9/WW3u3c4z/NiWDsO3DOU5D7nhTLE9CF0yXv/QZFY7sEJmj24dK+Rrqw=="],

    "undici-types": ["undici-types@8.3.0", "", {}, "sha512-j375ScV60dom+YkPFIfTLcOiPxkN/buHz5GobjLhixFuANaNs3C9l4GmrWqejgXWJ7BbJcFYpTEUkS1Ge8bpZQ=="],

    "unicode-trie": ["unicode-trie@2.0.0", "", { "dependencies": { "pako": "^0.2.5", "tiny-inflate": "^1.0.0" } }, "sha512-x7bc76x0bm4prf1VLg79uhAzKw8DVboClSN5VxJuQ+LKDOVEW9CdH+VY7SP+vX7xCYQqzzgQpFqz15zeLvAtZQ=="],

    "zod": ["zod@4.4.3", "", {}, "sha512-ytENFjIJFl2UwYglde2jchW2Hwm4GJFLDiSXWdTrJQBIN9Fcyp7n4DhxJEiWNAJMV1/BqWfW/kkg71UDcHJyTQ=="],
  }
}
